// !$*UTF8*$!
{
	archiveVersion = 1;
	classes = {
	};
	objectVersion = 48;
	objects = {

/* Begin PBXBuildFile section */
		301FCD1722017B0100F3EE4F /* AJCoreImageViewController.m in Sources */ = {isa = PBXBuildFile; fileRef = 301FCD1622017B0100F3EE4F /* AJCoreImageViewController.m */; };
		307B5DC621CD0918008190CE /* demo.jpg in Resources */ = {isa = PBXBuildFile; fileRef = 307B5DC521CD0918008190CE /* demo.jpg */; };
		30D267D62216A5C900203AE1 /* AJJSCoreViewController.m in Sources */ = {isa = PBXBuildFile; fileRef = 30D267D52216A5C900203AE1 /* AJJSCoreViewController.m */; };
		FF939C4021FC03A900F55B9C /* AJCoreGraphicsViewController.m in Sources */ = {isa = PBXBuildFile; fileRef = FF939C3F21FC03A900F55B9C /* AJCoreGraphicsViewController.m */; };
		FFB7E2BB21CA9FD10021BB76 /* AppDelegate.m in Sources */ = {isa = PBXBuildFile; fileRef = FFB7E2BA21CA9FD10021BB76 /* AppDelegate.m */; };
		FFB7E2C321CA9FD10021BB76 /* Assets.xcassets in Resources */ = {isa = PBXBuildFile; fileRef = FFB7E2C221CA9FD10021BB76 /* Assets.xcassets */; };
		FFB7E2C921CA9FD10021BB76 /* main.m in Sources */ = {isa = PBXBuildFile; fileRef = FFB7E2C821CA9FD10021BB76 /* main.m */; };
		FFB7E2D121CAA0EF0021BB76 /* AJViewController.m in Sources */ = {isa = PBXBuildFile; fileRef = FFB7E2D021CAA0EF0021BB76 /* AJViewController.m */; };
		FFC426F921CBF330007CE746 /* AJImageIOViewController.m in Sources */ = {isa = PBXBuildFile; fileRef = FFC426F821CBF330007CE746 /* AJImageIOViewController.m */; };
/* End PBXBuildFile section */

/* Begin PBXFileReference section */
		301FCD1522017B0100F3EE4F /* AJCoreImageViewController.h */ = {isa = PBXFileReference; lastKnownFileType = sourcecode.c.h; path = AJCoreImageViewController.h; sourceTree = "<group>"; };
		301FCD1622017B0100F3EE4F /* AJCoreImageViewController.m */ = {isa = PBXFileReference; lastKnownFileType = sourcecode.c.objc; path = AJCoreImageViewController.m; sourceTree = "<group>"; };
		307B5DC521CD0918008190CE /* demo.jpg */ = {isa = PBXFileReference; lastKnownFileType = image.jpeg; path = demo.jpg; sourceTree = "<group>"; };
		30D267D42216A5C900203AE1 /* AJJSCoreViewController.h */ = {isa = PBXFileReference; lastKnownFileType = sourcecode.c.h; path = AJJSCoreViewController.h; sourceTree = "<group>"; };
		30D267D52216A5C900203AE1 /* AJJSCoreViewController.m */ = {isa = PBXFileReference; lastKnownFileType = sourcecode.c.objc; path = AJJSCoreViewController.m; sourceTree = "<group>"; };
		FF939C3E21FC03A900F55B9C /* AJCoreGraphicsViewController.h */ = {isa = PBXFileReference; lastKnownFileType = sourcecode.c.h; path = AJCoreGraphicsViewController.h; sourceTree = "<group>"; };
		FF939C3F21FC03A900F55B9C /* AJCoreGraphicsViewController.m */ = {isa = PBXFileReference; lastKnownFileType = sourcecode.c.objc; path = AJCoreGraphicsViewController.m; sourceTree = "<group>"; };
		FFB7E2B621CA9FD10021BB76 /* AJDailySample.app */ = {isa = PBXFileReference; explicitFileType = wrapper.application; includeInIndex = 0; path = AJDailySample.app; sourceTree = BUILT_PRODUCTS_DIR; };
		FFB7E2B921CA9FD10021BB76 /* AppDelegate.h */ = {isa = PBXFileReference; lastKnownFileType = sourcecode.c.h; path = AppDelegate.h; sourceTree = "<group>"; };
		FFB7E2BA21CA9FD10021BB76 /* AppDelegate.m */ = {isa = PBXFileReference; lastKnownFileType = sourcecode.c.objc; path = AppDelegate.m; sourceTree = "<group>"; };
		FFB7E2C221CA9FD10021BB76 /* Assets.xcassets */ = {isa = PBXFileReference; lastKnownFileType = folder.assetcatalog; path = Assets.xcassets; sourceTree = "<group>"; };
		FFB7E2C721CA9FD10021BB76 /* Info.plist */ = {isa = PBXFileReference; lastKnownFileType = text.plist.xml; path = Info.plist; sourceTree = "<group>"; };
		FFB7E2C821CA9FD10021BB76 /* main.m */ = {isa = PBXFileReference; lastKnownFileType = sourcecode.c.objc; path = main.m; sourceTree = "<group>"; };
		FFB7E2CF21CAA0EF0021BB76 /* AJViewController.h */ = {isa = PBXFileReference; lastKnownFileType = sourcecode.c.h; path = AJViewController.h; sourceTree = "<group>"; };
		FFB7E2D021CAA0EF0021BB76 /* AJViewController.m */ = {isa = PBXFileReference; lastKnownFileType = sourcecode.c.objc; path = AJViewController.m; sourceTree = "<group>"; };
		FFC426F721CBF330007CE746 /* AJImageIOViewController.h */ = {isa = PBXFileReference; fileEncoding = 4; lastKnownFileType = sourcecode.c.h; path = AJImageIOViewController.h; sourceTree = "<group>"; };
		FFC426F821CBF330007CE746 /* AJImageIOViewController.m */ = {isa = PBXFileReference; fileEncoding = 4; lastKnownFileType = sourcecode.c.objc; path = AJImageIOViewController.m; sourceTree = "<group>"; };
/* End PBXFileReference section */

/* Begin PBXFrameworksBuildPhase section */
		FFB7E2B321CA9FD10021BB76 /* Frameworks */ = {
			isa = PBXFrameworksBuildPhase;
			buildActionMask = 2147483647;
			files = (
			);
			runOnlyForDeploymentPostprocessing = 0;
		};
/* End PBXFrameworksBuildPhase section */

/* Begin PBXGroup section */
		301FCD1422017AD300F3EE4F /* CoreImage */ = {
			isa = PBXGroup;
			children = (
				301FCD1522017B0100F3EE4F /* AJCoreImageViewController.h */,
				301FCD1622017B0100F3EE4F /* AJCoreImageViewController.m */,
			);
			path = CoreImage;
			sourceTree = "<group>";
		};
		30D267D32216A5B200203AE1 /* JavascriptCore */ = {
			isa = PBXGroup;
			children = (
				30D267D42216A5C900203AE1 /* AJJSCoreViewController.h */,
				30D267D52216A5C900203AE1 /* AJJSCoreViewController.m */,
			);
			path = JavascriptCore;
			sourceTree = "<group>";
		};
		FF939C3D21FC038200F55B9C /* CoreGraphics */ = {
			isa = PBXGroup;
			children = (
				FF939C3E21FC03A900F55B9C /* AJCoreGraphicsViewController.h */,
				FF939C3F21FC03A900F55B9C /* AJCoreGraphicsViewController.m */,
			);
			path = CoreGraphics;
			sourceTree = "<group>";
		};
		FFB7E2AD21CA9FD10021BB76 = {
			isa = PBXGroup;
			children = (
				FFB7E2B821CA9FD10021BB76 /* AJDailySample */,
				FFB7E2B721CA9FD10021BB76 /* Products */,
			);
			sourceTree = "<group>";
		};
		FFB7E2B721CA9FD10021BB76 /* Products */ = {
			isa = PBXGroup;
			children = (
				FFB7E2B621CA9FD10021BB76 /* AJDailySample.app */,
			);
			name = Products;
			sourceTree = "<group>";
		};
		FFB7E2B821CA9FD10021BB76 /* AJDailySample */ = {
			isa = PBXGroup;
			children = (
				30D267D32216A5B200203AE1 /* JavascriptCore */,
				301FCD1422017AD300F3EE4F /* CoreImage */,
				FF939C3D21FC038200F55B9C /* CoreGraphics */,
				FFC426F621CBF330007CE746 /* ImageIO */,
				FFB7E2B921CA9FD10021BB76 /* AppDelegate.h */,
				FFB7E2BA21CA9FD10021BB76 /* AppDelegate.m */,
				FFB7E2CF21CAA0EF0021BB76 /* AJViewController.h */,
				FFB7E2D021CAA0EF0021BB76 /* AJViewController.m */,
				307B5DC521CD0918008190CE /* demo.jpg */,
				FFB7E2C221CA9FD10021BB76 /* Assets.xcassets */,
				FFB7E2C721CA9FD10021BB76 /* Info.plist */,
				FFB7E2C821CA9FD10021BB76 /* main.m */,
			);
			path = AJDailySample;
			sourceTree = "<group>";
		};
		FFC426F621CBF330007CE746 /* ImageIO */ = {
			isa = PBXGroup;
			children = (
				FFC426F721CBF330007CE746 /* AJImageIOViewController.h */,
				FFC426F821CBF330007CE746 /* AJImageIOViewController.m */,
			);
			path = ImageIO;
			sourceTree = "<group>";
		};
/* End PBXGroup section */

/* Begin PBXNativeTarget section */
		FFB7E2B521CA9FD10021BB76 /* AJDailySample */ = {
			isa = PBXNativeTarget;
			buildConfigurationList = FFB7E2CC21CA9FD10021BB76 /* Build configuration list for PBXNativeTarget "AJDailySample" */;
			buildPhases = (
				FFB7E2B221CA9FD10021BB76 /* Sources */,
				FFB7E2B321CA9FD10021BB76 /* Frameworks */,
				FFB7E2B421CA9FD10021BB76 /* Resources */,
			);
			buildRules = (
			);
			dependencies = (
			);
			name = AJDailySample;
			productName = AJDailySample;
			productReference = FFB7E2B621CA9FD10021BB76 /* AJDailySample.app */;
			productType = "com.apple.product-type.application";
		};
/* End PBXNativeTarget section */

/* Begin PBXProject section */
		FFB7E2AE21CA9FD10021BB76 /* Project object */ = {
			isa = PBXProject;
			attributes = {
				CLASSPREFIX = AJ;
				LastUpgradeCheck = 0920;
				ORGANIZATIONNAME = aiijim;
				TargetAttributes = {
					FFB7E2B521CA9FD10021BB76 = {
						CreatedOnToolsVersion = 9.2;
						ProvisioningStyle = Automatic;
					};
				};
			};
			buildConfigurationList = FFB7E2B121CA9FD10021BB76 /* Build configuration list for PBXProject "AJDailySample" */;
			compatibilityVersion = "Xcode 8.0";
			developmentRegion = en;
			hasScannedForEncodings = 0;
			knownRegions = (
				en,
				Base,
			);
			mainGroup = FFB7E2AD21CA9FD10021BB76;
			productRefGroup = FFB7E2B721CA9FD10021BB76 /* Products */;
			projectDirPath = "";
			projectRoot = "";
			targets = (
				FFB7E2B521CA9FD10021BB76 /* AJDailySample */,
			);
		};
/* End PBXProject section */

/* Begin PBXResourcesBuildPhase section */
		FFB7E2B421CA9FD10021BB76 /* Resources */ = {
			isa = PBXResourcesBuildPhase;
			buildActionMask = 2147483647;
			files = (
				FFB7E2C321CA9FD10021BB76 /* Assets.xcassets in Resources */,
				307B5DC621CD0918008190CE /* demo.jpg in Resources */,
			);
			runOnlyForDeploymentPostprocessing = 0;
		};
/* End PBXResourcesBuildPhase section */

/* Begin PBXSourcesBuildPhase section */
		FFB7E2B221CA9FD10021BB76 /* Sources */ = {
			isa = PBXSourcesBuildPhase;
			buildActionMask = 2147483647;
			files = (
				FF939C4021FC03A900F55B9C /* AJCoreGraphicsViewController.m in Sources */,
				FFB7E2C921CA9FD10021BB76 /* main.m in Sources */,
				301FCD1722017B0100F3EE4F /* AJCoreImageViewController.m in Sources */,
				FFC426F921CBF330007CE746 /* AJImageIOViewController.m in Sources */,
				FFB7E2D121CAA0EF0021BB76 /* AJViewController.m in Sources */,
				FFB7E2BB21CA9FD10021BB76 /* AppDelegate.m in Sources */,
				30D267D62216A5C900203AE1 /* AJJSCoreViewController.m in Sources */,
			);
			runOnlyForDeploymentPostprocessing = 0;
		};
/* End PBXSourcesBuildPhase section */

/* Begin XCBuildConfiguration section */
		FFB7E2CA21CA9FD10021BB76 /* Debug */ = {
			isa = XCBuildConfiguration;
			buildSettings = {
				ALWAYS_SEARCH_USER_PATHS = NO;
				CLANG_ANALYZER_NONNULL = YES;
				CLANG_ANALYZER_NUMBER_OBJECT_CONVERSION = YES_AGGRESSIVE;
				CLANG_CXX_LANGUAGE_STANDARD = "gnu++14";
				CLANG_CXX_LIBRARY = "libc++";
				CLANG_ENABLE_MODULES = YES;
				CLANG_ENABLE_OBJC_ARC = YES;
				CLANG_WARN_BLOCK_CAPTURE_AUTORELEASING = YES;
				CLANG_WARN_BOOL_CONVERSION = YES;
				CLANG_WARN_COMMA = YES;
				CLANG_WARN_CONSTANT_CONVERSION = YES;
				CLANG_WARN_DIRECT_OBJC_ISA_USAGE = YES_ERROR;
				CLANG_WARN_DOCUMENTATION_COMMENTS = YES;
				CLANG_WARN_EMPTY_BODY = YES;
				CLANG_WARN_ENUM_CONVERSION = YES;
				CLANG_WARN_INFINITE_RECURSION = YES;
				CLANG_WARN_INT_CONVERSION = YES;
				CLANG_WARN_NON_LITERAL_NULL_CONVERSION = YES;
				CLANG_WARN_OBJC_LITERAL_CONVERSION = YES;
				CLANG_WARN_OBJC_ROOT_CLASS = YES_ERROR;
				CLANG_WARN_RANGE_LOOP_ANALYSIS = YES;
				CLANG_WARN_STRICT_PROTOTYPES = YES;
				CLANG_WARN_SUSPICIOUS_MOVE = YES;
				CLANG_WARN_UNGUARDED_AVAILABILITY = YES_AGGRESSIVE;
				CLANG_WARN_UNREACHABLE_CODE = YES;
				CLANG_WARN__DUPLICATE_METHOD_MATCH = YES;
				CODE_SIGN_IDENTITY = "iPhone Developer";
				COPY_PHASE_STRIP = NO;
				DEBUG_INFORMATION_FORMAT = dwarf;
				ENABLE_STRICT_OBJC_MSGSEND = YES;
				ENABLE_TESTABILITY = YES;
				GCC_C_LANGUAGE_STANDARD = gnu11;
				GCC_DYNAMIC_NO_PIC = NO;
				GCC_NO_COMMON_BLOCKS = YES;
				GCC_OPTIMIZATION_LEVEL = 0;
				GCC_PREPROCESSOR_DEFINITIONS = (
					"DEBUG=1",
					"$(inherited)",
				);
				GCC_WARN_64_TO_32_BIT_CONVERSION = YES;
				GCC_WARN_ABOUT_RETURN_TYPE = YES_ERROR;
				GCC_WARN_UNDECLARED_SELECTOR = YES;
				GCC_WARN_UNINITIALIZED_AUTOS = YES_AGGRESSIVE;
				GCC_WARN_UNUSED_FUNCTION = YES;
				GCC_WARN_UNUSED_VARIABLE = YES;
				IPHONEOS_DEPLOYMENT_TARGET = 8.0;
				MTL_ENABLE_DEBUG_INFO = YES;
				ONLY_ACTIVE_ARCH = YES;
				SDKROOT = iphoneos;
			};
			name = Debug;
		};
		FFB7E2CB21CA9FD10021BB76 /* Release */ = {
			isa = XCBuildConfiguration;
			buildSettings = {
				ALWAYS_SEARCH_USER_PATHS = NO;
				CLANG_ANALYZER_NONNULL = YES;
				CLANG_ANALYZER_NUMBER_OBJECT_CONVERSION = YES_AGGRESSIVE;
				CLANG_CXX_LANGUAGE_STANDARD = "gnu++14";
				CLANG_CXX_LIBRARY = "libc++";
				CLANG_ENABLE_MODULES = YES;
				CLANG_ENABLE_OBJC_ARC = YES;
				CLANG_WARN_BLOCK_CAPTURE_AUTORELEASING = YES;
				CLANG_WARN_BOOL_CONVERSION = YES;
				CLANG_WARN_COMMA = YES;
				CLANG_WARN_CONSTANT_CONVERSION = YES;
				CLANG_WARN_DIRECT_OBJC_ISA_USAGE = YES_ERROR;
				CLANG_WARN_DOCUMENTATION_COMMENTS = YES;
				CLANG_WARN_EMPTY_BODY = YES;
				CLANG_WARN_ENUM_CONVERSION = YES;
				CLANG_WARN_INFINITE_RECURSION = YES;
				CLANG_WARN_INT_CONVERSION = YES;
				CLANG_WARN_NON_LITERAL_NULL_CONVERSION = YES;
				CLANG_WARN_OBJC_LITERAL_CONVERSION = YES;
				CLANG_WARN_OBJC_ROOT_CLASS = YES_ERROR;
				CLANG_WARN_RANGE_LOOP_ANALYSIS = YES;
				CLANG_WARN_STRICT_PROTOTYPES = YES;
				CLANG_WARN_SUSPICIOUS_MOVE = YES;
				CLANG_WARN_UNGUARDED_AVAILABILITY = YES_AGGRESSIVE;
				CLANG_WARN_UNREACHABLE_CODE = YES;
				CLANG_WARN__DUPLICATE_METHOD_MATCH = YES;
				CODE_SIGN_IDENTITY = "iPhone Developer";
				COPY_PHASE_STRIP = NO;
				DEBUG_INFORMATION_FORMAT = "dwarf-with-dsym";
				ENABLE_NS_ASSERTIONS = NO;
				ENABLE_STRICT_OBJC_MSGSEND = YES;
				GCC_C_LANGUAGE_STANDARD = gnu11;
				GCC_NO_COMMON_BLOCKS = YES;
				GCC_WARN_64_TO_32_BIT_CONVERSION = YES;
				GCC_WARN_ABOUT_RETURN_TYPE = YES_ERROR;
				GCC_WARN_UNDECLARED_SELECTOR = YES;
				GCC_WARN_UNINITIALIZED_AUTOS = YES_AGGRESSIVE;
				GCC_WARN_UNUSED_FUNCTION = YES;
				GCC_WARN_UNUSED_VARIABLE = YES;
				IPHONEOS_DEPLOYMENT_TARGET = 8.0;
				MTL_ENABLE_DEBUG_INFO = NO;
				SDKROOT = iphoneos;
				VALIDATE_PRODUCT = YES;
			};
			name = Release;
		};
		FFB7E2CD21CA9FD10021BB76 /* Debug */ = {
			isa = XCBuildConfiguration;
			buildSettings = {
				ASSETCATALOG_COMPILER_APPICON_NAME = AppIcon;
				ASSETCATALOG_COMPILER_LAUNCHIMAGE_NAME = LaunchImage;
				CODE_SIGN_IDENTITY = "iPhone Developer";
				CODE_SIGN_STYLE = Automatic;
				DEVELOPMENT_TEAM = 493CYJF6RN;
				INFOPLIST_FILE = AJDailySample/Info.plist;
				IPHONEOS_DEPLOYMENT_TARGET = 9.0;
				LD_RUNPATH_SEARCH_PATHS = "$(inherited) @executable_path/Frameworks";
				PRODUCT_BUNDLE_IDENTIFIER = com.custom.AJDailySample;
				PRODUCT_NAME = "$(TARGET_NAME)";
				PROVISIONING_PROFILE_SPECIFIER = "";
				TARGETED_DEVICE_FAMILY = 1;
			};
			name = Debug;
		};
		FFB7E2CE21CA9FD10021BB76 /* Release */ = {
			isa = XCBuildConfiguration;
			buildSettings = {
				ASSETCATALOG_COMPILER_APPICON_NAME = AppIcon;
				ASSETCATALOG_COMPILER_LAUNCHIMAGE_NAME = LaunchImage;
				CODE_SIGN_IDENTITY = "iPhone Developer";
				CODE_SIGN_STYLE = Automatic;
				DEVELOPMENT_TEAM = 493CYJF6RN;
				INFOPLIST_FILE = AJDailySample/Info.plist;
				IPHONEOS_DEPLOYMENT_TARGET = 9.0;
				LD_RUNPATH_SEARCH_PATHS = "$(inherited) @executable_path/Frameworks";
				PRODUCT_BUNDLE_IDENTIFIER = com.custom.AJDailySample;
				PRODUCT_NAME = "$(TARGET_NAME)";
				PROVISIONING_PROFILE_SPECIFIER = "";
				TARGETED_DEVICE_FAMILY = 1;
			};
			name = Release;
		};
/* End XCBuildConfiguration section */

/* Begin XCConfigurationList section */
		FFB7E2B121CA9FD10021BB76 /* Build configuration list for PBXProject "AJDailySample" */ = {
			isa = XCConfigurationList;
			buildConfigurations = (
				FFB7E2CA21CA9FD10021BB76 /* Debug */,
				FFB7E2CB21CA9FD10021BB76 /* Release */,
			);
			defaultConfigurationIsVisible = 0;
			defaultConfigurationName = Release;
		};
		FFB7E2CC21CA9FD10021BB76 /* Build configuration list for PBXNativeTarget "AJDailySample" */ = {
			isa = XCConfigurationList;
			buildConfigurations = (
				FFB7E2CD21CA9FD10021BB76 /* Debug */,
				FFB7E2CE21CA9FD10021BB76 /* Release */,
			);
			defaultConfigurationIsVisible = 0;
			defaultConfigurationName = Release;
		};
/* End XCConfigurationList section */
	};
	rootObject = FFB7E2AE21CA9FD10021BB76 /* Project object */;
}
